
Microsoft Visual Studio Solution File, Format Version 12.00
# Visual Studio Version 17
VisualStudioVersion = 17.0.31903.59
MinimumVisualStudioVersion = 10.0.40219.1
Project("{2150E333-8FDC-42A3-9474-1A3956D46DE8}") = "src", "src", "{827E0CD3-B72D-47B6-A68D-7590B98EB39B}"
EndProject
Project("{FAE04EC0-301F-11D3-BF4B-00C04F79EFBC}") = "FractalMemory.Cli", "src\FractalMemory.Cli\FractalMemory.Cli.csproj", "{25B79027-6DB9-47AD-BF02-5569B707C16D}"
EndProject
Project("{2150E333-8FDC-42A3-9474-1A3956D46DE8}") = "tests", "tests", "{0AB3BF05-4346-4AA6-1389-037BE0695223}"
EndProject
Project("{FAE04EC0-301F-11D3-BF4B-00C04F79EFBC}") = "FractalMemory.Cli.Tests", "tests\FractalMemory.Cli.Tests\FractalMemory.Cli.Tests.csproj", "{F8F36850-9B72-4DBC-A4F9-57C996F98F53}"
EndProject
Project("{FAE04EC0-301F-11D3-BF4B-00C04F79EFBC}") = "FractalMemory.Core", "src\FractalMemory.Core\FractalMemory.Core.csproj", "{39E21A3B-8463-4D40-9ED8-B43C2937768C}"
EndProject
Project("{FAE04EC0-301F-11D3-BF4B-00C04F79EFBC}") = "FractalMemory.McpServer", "src\FractalMemory.McpServer\FractalMemory.McpServer.csproj", "{48C54D94-A1B5-4537-815B-56B08AFD89B6}"
EndProject
Project("{FAE04EC0-301F-11D3-BF4B-00C04F79EFBC}") = "FractalMemory.Core.Tests", "tests\FractalMemory.Core.Tests\FractalMemory.Core.Tests.csproj", "{D592AA8A-4FC5-42CD-81DE-569EB15C4E80}"
EndProject
Global
	GlobalSection(SolutionConfigurationPlatforms) = preSolution
		Debug|Any CPU = Debug|Any CPU
		Debug|x64 = Debug|x64
		Debug|x86 = Debug|x86
		Release|Any CPU = Release|Any CPU
		Release|x64 = Release|x64
		Release|x86 = Release|x86
	EndGlobalSection
	GlobalSection(ProjectConfigurationPlatforms) = postSolution
		{25B79027-6DB9-47AD-BF02-5569B707C16D}.Debug|Any CPU.ActiveCfg = Debug|Any CPU
		{25B79027-6DB9-47AD-BF02-5569B707C16D}.Debug|Any CPU.Build.0 = Debug|Any CPU
		{25B79027-6DB9-47AD-BF02-5569B707C16D}.Debug|x64.ActiveCfg = Debug|Any CPU
		{25B79027-6DB9-47AD-BF02-5569B707C16D}.Debug|x64.Build.0 = Debug|Any CPU
		{25B79027-6DB9-47AD-BF02-5569B707C16D}.Debug|x86.ActiveCfg = Debug|Any CPU
		{25B79027-6DB9-47AD-BF02-5569B707C16D}.Debug|x86.Build.0 = Debug|Any CPU
		{25B79027-6DB9-47AD-BF02-5569B707C16D}.Release|Any CPU.ActiveCfg = Release|Any CPU
		{25B79027-6DB9-47AD-BF02-5569B707C16D}.Release|Any CPU.Build.0 = Release|Any CPU
		{25B79027-6DB9-47AD-BF02-5569B707C16D}.Release|x64.ActiveCfg = Release|Any CPU
		{25B79027-6DB9-47AD-BF02-5569B707C16D}.Release|x64.Build.0 = Release|Any CPU
		{25B79027-6DB9-47AD-BF02-5569B707C16D}.Release|x86.ActiveCfg = Release|Any CPU
		{25B79027-6DB9-47AD-BF02-5569B707C16D}.Release|x86.Build.0 = Release|Any CPU
		{F8F36850-9B72-4DBC-A4F9-57C996F98F53}.Debug|Any CPU.ActiveCfg = Debug|Any CPU
		{F8F36850-9B72-4DBC-A4F9-57C996F98F53}.Debug|Any CPU.Build.0 = Debug|Any CPU
		{F8F36850-9B72-4DBC-A4F9-57C996F98F53}.Debug|x64.ActiveCfg = Debug|Any CPU
		{F8F36850-9B72-4DBC-A4F9-57C996F98F53}.Debug|x64.Build.0 = Debug|Any CPU
		{F8F36850-9B72-4DBC-A4F9-57C996F98F53}.Debug|x86.ActiveCfg = Debug|Any CPU
		{F8F36850-9B72-4DBC-A4F9-57C996F98F53}.Debug|x86.Build.0 = Debug|Any CPU
		{F8F36850-9B72-4DBC-A4F9-57C996F98F53}.Release|Any CPU.ActiveCfg = Release|Any CPU
		{F8F36850-9B72-4DBC-A4F9-57C996F98F53}.Release|Any CPU.Build.0 = Release|Any CPU
		{F8F36850-9B72-4DBC-A4F9-57C996F98F53}.Release|x64.ActiveCfg = Release|Any CPU
		{F8F36850-9B72-4DBC-A4F9-57C996F98F53}.Release|x64.Build.0 = Release|Any CPU
		{F8F36850-9B72-4DBC-A4F9-57C996F98F53}.Release|x86.ActiveCfg = Release|Any CPU
		{F8F36850-9B72-4DBC-A4F9-57C996F98F53}.Release|x86.Build.0 = Release|Any CPU
		{39E21A3B-8463-4D40-9ED8-B43C2937768C}.Debug|Any CPU.ActiveCfg = Debug|Any CPU
		{39E21A3B-8463-4D40-9ED8-B43C2937768C}.Debug|Any CPU.Build.0 = Debug|Any CPU
		{39E21A3B-8463-4D40-9ED8-B43C2937768C}.Debug|x64.ActiveCfg = Debug|Any CPU
		{39E21A3B-8463-4D40-9ED8-B43C2937768C}.Debug|x64.Build.0 = Debug|Any CPU
		{39E21A3B-8463-4D40-9ED8-B43C2937768C}.Debug|x86.ActiveCfg = Debug|Any CPU
		{39E21A3B-8463-4D40-9ED8-B43C2937768C}.Debug|x86.Build.0 = Debug|Any CPU
		{39E21A3B-8463-4D40-9ED8-B43C2937768C}.Release|Any CPU.ActiveCfg = Release|Any CPU
		{39E21A3B-8463-4D40-9ED8-B43C2937768C}.Release|Any CPU.Build.0 = Release|Any CPU
		{39E21A3B-8463-4D40-9ED8-B43C2937768C}.Release|x64.ActiveCfg = Release|Any CPU
		{39E21A3B-8463-4D40-9ED8-B43C2937768C}.Release|x64.Build.0 = Release|Any CPU
		{39E21A3B-8463-4D40-9ED8-B43C2937768C}.Release|x86.ActiveCfg = Release|Any CPU
		{39E21A3B-8463-4D40-9ED8-B43C2937768C}.Release|x86.Build.0 = Release|Any CPU
		{48C54D94-A1B5-4537-815B-56B08AFD89B6}.Debug|Any CPU.ActiveCfg = Debug|Any CPU
		{48C54D94-A1B5-4537-815B-56B08AFD89B6}.Debug|Any CPU.Build.0 = Debug|Any CPU
		{48C54D94-A1B5-4537-815B-56B08AFD89B6}.Debug|x64.ActiveCfg = Debug|Any CPU
		{48C54D94-A1B5-4537-815B-56B08AFD89B6}.Debug|x64.Build.0 = Debug|Any CPU
		{48C54D94-A1B5-4537-815B-56B08AFD89B6}.Debug|x86.ActiveCfg = Debug|Any CPU
		{48C54D94-A1B5-4537-815B-56B08AFD89B6}.Debug|x86.Build.0 = Debug|Any CPU
		{48C54D94-A1B5-4537-815B-56B08AFD89B6}.Release|Any CPU.ActiveCfg = Release|Any CPU
		{48C54D94-A1B5-4537-815B-56B08AFD89B6}.Release|Any CPU.Build.0 = Release|Any CPU
		{48C54D94-A1B5-4537-815B-56B08AFD89B6}.Release|x64.ActiveCfg = Release|Any CPU
		{48C54D94-A1B5-4537-815B-56B08AFD89B6}.Release|x64.Build.0 = Release|Any CPU
		{48C54D94-A1B5-4537-815B-56B08AFD89B6}.Release|x86.ActiveCfg = Release|Any CPU
		{48C54D94-A1B5-4537-815B-56B08AFD89B6}.Release|x86.Build.0 = Release|Any CPU
		{D592AA8A-4FC5-42CD-81DE-569EB15C4E80}.Debug|Any CPU.ActiveCfg = Debug|Any CPU
		{D592AA8A-4FC5-42CD-81DE-569EB15C4E80}.Debug|Any CPU.Build.0 = Debug|Any CPU
		{D592AA8A-4FC5-42CD-81DE-569EB15C4E80}.Debug|x64.ActiveCfg = Debug|Any CPU
		{D592AA8A-4FC5-42CD-81DE-569EB15C4E80}.Debug|x64.Build.0 = Debug|Any CPU
		{D592AA8A-4FC5-42CD-81DE-569EB15C4E80}.Debug|x86.ActiveCfg = Debug|Any CPU
		{D592AA8A-4FC5-42CD-81DE-569EB15C4E80}.Debug|x86.Build.0 = Debug|Any CPU
		{D592AA8A-4FC5-42CD-81DE-569EB15C4E80}.Release|Any CPU.ActiveCfg = Release|Any CPU
		{D592AA8A-4FC5-42CD-81DE-569EB15C4E80}.Release|Any CPU.Build.0 = Release|Any CPU
		{D592AA8A-4FC5-42CD-81DE-569EB15C4E80}.Release|x64.ActiveCfg = Release|Any CPU
		{D592AA8A-4FC5-42CD-81DE-569EB15C4E80}.Release|x64.Build.0 = Release|Any CPU
		{D592AA8A-4FC5-42CD-81DE-569EB15C4E80}.Release|x86.ActiveCfg = Release|Any CPU
		{D592AA8A-4FC5-42CD-81DE-569EB15C4E80}.Release|x86.Build.0 = Release|Any CPU
	EndGlobalSection
	GlobalSection(SolutionProperties) = preSolution
		HideSolutionNode = FALSE
	EndGlobalSection
	GlobalSection(NestedProjects) = preSolution
		{25B79027-6DB9-47AD-BF02-5569B707C16D} = {827E0CD3-B72D-47B6-A68D-7590B98EB39B}
		{F8F36850-9B72-4DBC-A4F9-57C996F98F53} = {0AB3BF05-4346-4AA6-1389-037BE0695223}
		{39E21A3B-8463-4D40-9ED8-B43C2937768C} = {827E0CD3-B72D-47B6-A68D-7590B98EB39B}
		{48C54D94-A1B5-4537-815B-56B08AFD89B6} = {827E0CD3-B72D-47B6-A68D-7590B98EB39B}
		{D592AA8A-4FC5-42CD-81DE-569EB15C4E80} = {0AB3BF05-4346-4AA6-1389-037BE0695223}
	EndGlobalSection
EndGlobal
